// !$*UTF8*$!
{
	archiveVersion = 1;
	classes = {
	};
	objectVersion = 55;
	objects = {

/* Begin PBXBuildFile section */
		A3789EDF271313930075CCAE /* NoterApp.swift in Sources */ = {isa = PBXBuildFile; fileRef = A3789EDE271313930075CCAE /* NoterApp.swift */; };
		A3789EE1271313930075CCAE /* ContentView.swift in Sources */ = {isa = PBXBuildFile; fileRef = A3789EE0271313930075CCAE /* ContentView.swift */; };
		A3789EE3271313960075CCAE /* Assets.xcassets in Resources */ = {isa = PBXBuildFile; fileRef = A3789EE2271313960075CCAE /* Assets.xcassets */; };
		A3789EE6271313960075CCAE /* Preview Assets.xcassets in Resources */ = {isa = PBXBuildFile; fileRef = A3789EE5271313960075CCAE /* Preview Assets.xcassets */; };
		A3789EE8271313960075CCAE /* Persistence.swift in Sources */ = {isa = PBXBuildFile; fileRef = A3789EE7271313960075CCAE /* Persistence.swift */; };
		A3789EEB271313960075CCAE /* Noter.xcdatamodeld in Sources */ = {isa = PBXBuildFile; fileRef = A3789EE9271313960075CCAE /* Noter.xcdatamodeld */; };
		A3789EF6271313970075CCAE /* NoterTests.swift in Sources */ = {isa = PBXBuildFile; fileRef = A3789EF5271313970075CCAE /* NoterTests.swift */; };
		A3789F00271313970075CCAE /* NoterUITests.swift in Sources */ = {isa = PBXBuildFile; fileRef = A3789EFF271313970075CCAE /* NoterUITests.swift */; };
		A3789F02271313970075CCAE /* NoterUITestsLaunchTests.swift in Sources */ = {isa = PBXBuildFile; fileRef = A3789F01271313970075CCAE /* NoterUITestsLaunchTests.swift */; };
/* End PBXBuildFile section */

/* Begin PBXContainerItemProxy section */
		A3789EF2271313970075CCAE /* PBXContainerItemProxy */ = {
			isa = PBXContainerItemProxy;
			containerPortal = A3789ED3271313930075CCAE /* Project object */;
			proxyType = 1;
			remoteGlobalIDString = A3789EDA271313930075CCAE;
			remoteInfo = Noter;
		};
		A3789EFC271313970075CCAE /* PBXContainerItemProxy */ = {
			isa = PBXContainerItemProxy;
			containerPortal = A3789ED3271313930075CCAE /* Project object */;
			proxyType = 1;
			remoteGlobalIDString = A3789EDA271313930075CCAE;
			remoteInfo = Noter;
		};
/* End PBXContainerItemProxy section */

/* Begin PBXFileReference section */
		A3789EDB271313930075CCAE /* Noter.app */ = {isa = PBXFileReference; explicitFileType = wrapper.application; includeInIndex = 0; path = Noter.app; sourceTree = BUILT_PRODUCTS_DIR; };
		A3789EDE271313930075CCAE /* NoterApp.swift */ = {isa = PBXFileReference; lastKnownFileType = sourcecode.swift; path = NoterApp.swift; sourceTree = "<group>"; };
		A3789EE0271313930075CCAE /* ContentView.swift */ = {isa = PBXFileReference; lastKnownFileType = sourcecode.swift; path = ContentView.swift; sourceTree = "<group>"; };
		A3789EE2271313960075CCAE /* Assets.xcassets */ = {isa = PBXFileReference; lastKnownFileType = folder.assetcatalog; path = Assets.xcassets; sourceTree = "<group>"; };
		A3789EE5271313960075CCAE /* Preview Assets.xcassets */ = {isa = PBXFileReference; lastKnownFileType = folder.assetcatalog; path = "Preview Assets.xcassets"; sourceTree = "<group>"; };
		A3789EE7271313960075CCAE /* Persistence.swift */ = {isa = PBXFileReference; lastKnownFileType = sourcecode.swift; path = Persistence.swift; sourceTree = "<group>"; };
		A3789EEA271313960075CCAE /* Noter.xcdatamodel */ = {isa = PBXFileReference; lastKnownFileType = wrapper.xcdatamodel; path = Noter.xcdatamodel; sourceTree = "<group>"; };
		A3789EEC271313960075CCAE /* Noter.entitlements */ = {isa = PBXFileReference; lastKnownFileType = text.plist.entitlements; path = Noter.entitlements; sourceTree = "<group>"; };
		A3789EF1271313970075CCAE /* NoterTests.xctest */ = {isa = PBXFileReference; explicitFileType = wrapper.cfbundle; includeInIndex = 0; path = NoterTests.xctest; sourceTree = BUILT_PRODUCTS_DIR; };
		A3789EF5271313970075CCAE /* NoterTests.swift */ = {isa = PBXFileReference; lastKnownFileType = sourcecode.swift; path = NoterTests.swift; sourceTree = "<group>"; };
		A3789EFB271313970075CCAE /* NoterUITests.xctest */ = {isa = PBXFileReference; explicitFileType = wrapper.cfbundle; includeInIndex = 0; path = NoterUITests.xctest; sourceTree = BUILT_PRODUCTS_DIR; };
		A3789EFF271313970075CCAE /* NoterUITests.swift */ = {isa = PBXFileReference; lastKnownFileType = sourcecode.swift; path = NoterUITests.swift; sourceTree = "<group>"; };
		A3789F01271313970075CCAE /* NoterUITestsLaunchTests.swift */ = {isa = PBXFileReference; lastKnownFileType = sourcecode.swift; path = NoterUITestsLaunchTests.swift; sourceTree = "<group>"; };
/* End PBXFileReference section */

/* Begin PBXFrameworksBuildPhase section */
		A3789ED8271313930075CCAE /* Frameworks */ = {
			isa = PBXFrameworksBuildPhase;
			buildActionMask = 2147483647;
			files = (
			);
			runOnlyForDeploymentPostprocessing = 0;
		};
		A3789EEE271313970075CCAE /* Frameworks */ = {
			isa = PBXFrameworksBuildPhase;
			buildActionMask = 2147483647;
			files = (
			);
			runOnlyForDeploymentPostprocessing = 0;
		};
		A3789EF8271313970075CCAE /* Frameworks */ = {
			isa = PBXFrameworksBuildPhase;
			buildActionMask = 2147483647;
			files = (
			);
			runOnlyForDeploymentPostprocessing = 0;
		};
/* End PBXFrameworksBuildPhase section */

/* Begin PBXGroup section */
		A3789ED2271313930075CCAE = {
			isa = PBXGroup;
			children = (
				A3789EDD271313930075CCAE /* Noter */,
				A3789EF4271313970075CCAE /* NoterTests */,
				A3789EFE271313970075CCAE /* NoterUITests */,
				A3789EDC271313930075CCAE /* Products */,
			);
			sourceTree = "<group>";
		};
		A3789EDC271313930075CCAE /* Products */ = {
			isa = PBXGroup;
			children = (
				A3789EDB271313930075CCAE /* Noter.app */,
				A3789EF1271313970075CCAE /* NoterTests.xctest */,
				A3789EFB271313970075CCAE /* NoterUITests.xctest */,
			);
			name = Products;
			sourceTree = "<group>";
		};
		A3789EDD271313930075CCAE /* Noter */ = {
			isa = PBXGroup;
			children = (
				A3789EDE271313930075CCAE /* NoterApp.swift */,
				A3789EE0271313930075CCAE /* ContentView.swift */,
				A3789EE2271313960075CCAE /* Assets.xcassets */,
				A3789EE7271313960075CCAE /* Persistence.swift */,
				A3789EEC271313960075CCAE /* Noter.entitlements */,
				A3789EE9271313960075CCAE /* Noter.xcdatamodeld */,
				A3789EE4271313960075CCAE /* Preview Content */,
			);
			path = Noter;
			sourceTree = "<group>";
		};
		A3789EE4271313960075CCAE /* Preview Content */ = {
			isa = PBXGroup;
			children = (
				A3789EE5271313960075CCAE /* Preview Assets.xcassets */,
			);
			path = "Preview Content";
			sourceTree = "<group>";
		};
		A3789EF4271313970075CCAE /* NoterTests */ = {
			isa = PBXGroup;
			children = (
				A3789EF5271313970075CCAE /* NoterTests.swift */,
			);
			path = NoterTests;
			sourceTree = "<group>";
		};
		A3789EFE271313970075CCAE /* NoterUITests */ = {
			isa = PBXGroup;
			children = (
				A3789EFF271313970075CCAE /* NoterUITests.swift */,
				A3789F01271313970075CCAE /* NoterUITestsLaunchTests.swift */,
			);
			path = NoterUITests;
			sourceTree = "<group>";
		};
/* End PBXGroup section */

/* Begin PBXNativeTarget section */
		A3789EDA271313930075CCAE /* Noter */ = {
			isa = PBXNativeTarget;
			buildConfigurationList = A3789F05271313970075CCAE /* Build configuration list for PBXNativeTarget "Noter" */;
			buildPhases = (
				A3789ED7271313930075CCAE /* Sources */,
				A3789ED8271313930075CCAE /* Frameworks */,
				A3789ED9271313930075CCAE /* Resources */,
			);
			buildRules = (
			);
			dependencies = (
			);
			name = Noter;
			productName = Noter;
			productReference = A3789EDB271313930075CCAE /* Noter.app */;
			productType = "com.apple.product-type.application";
		};
		A3789EF0271313970075CCAE /* NoterTests */ = {
			isa = PBXNativeTarget;
			buildConfigurationList = A3789F08271313970075CCAE /* Build configuration list for PBXNativeTarget "NoterTests" */;
			buildPhases = (
				A3789EED271313970075CCAE /* Sources */,
				A3789EEE271313970075CCAE /* Frameworks */,
				A3789EEF271313970075CCAE /* Resources */,
			);
			buildRules = (
			);
			dependencies = (
				A3789EF3271313970075CCAE /* PBXTargetDependency */,
			);
			name = NoterTests;
			productName = NoterTests;
			productReference = A3789EF1271313970075CCAE /* NoterTests.xctest */;
			productType = "com.apple.product-type.bundle.unit-test";
		};
		A3789EFA271313970075CCAE /* NoterUITests */ = {
			isa = PBXNativeTarget;
			buildConfigurationList = A3789F0B271313970075CCAE /* Build configuration list for PBXNativeTarget "NoterUITests" */;
			buildPhases = (
				A3789EF7271313970075CCAE /* Sources */,
				A3789EF8271313970075CCAE /* Frameworks */,
				A3789EF9271313970075CCAE /* Resources */,
			);
			buildRules = (
			);
			dependencies = (
				A3789EFD271313970075CCAE /* PBXTargetDependency */,
			);
			name = NoterUITests;
			productName = NoterUITests;
			productReference = A3789EFB271313970075CCAE /* NoterUITests.xctest */;
			productType = "com.apple.product-type.bundle.ui-testing";
		};
/* End PBXNativeTarget section */

/* Begin PBXProject section */
		A3789ED3271313930075CCAE /* Project object */ = {
			isa = PBXProject;
			attributes = {
				BuildIndependentTargetsInParallel = 1;
				LastSwiftUpdateCheck = 1300;
				LastUpgradeCheck = 1300;
				TargetAttributes = {
					A3789EDA271313930075CCAE = {
						CreatedOnToolsVersion = 13.0;
					};
					A3789EF0271313970075CCAE = {
						CreatedOnToolsVersion = 13.0;
						TestTargetID = A3789EDA271313930075CCAE;
					};
					A3789EFA271313970075CCAE = {
						CreatedOnToolsVersion = 13.0;
						TestTargetID = A3789EDA271313930075CCAE;
					};
				};
			};
			buildConfigurationList = A3789ED6271313930075CCAE /* Build configuration list for PBXProject "Noter" */;
			compatibilityVersion = "Xcode 13.0";
			developmentRegion = en;
			hasScannedForEncodings = 0;
			knownRegions = (
				en,
				Base,
			);
			mainGroup = A3789ED2271313930075CCAE;
			productRefGroup = A3789EDC271313930075CCAE /* Products */;
			projectDirPath = "";
			projectRoot = "";
			targets = (
				A3789EDA271313930075CCAE /* Noter */,
				A3789EF0271313970075CCAE /* NoterTests */,
				A3789EFA271313970075CCAE /* NoterUITests */,
			);
		};
/* End PBXProject section */

/* Begin PBXResourcesBuildPhase section */
		A3789ED9271313930075CCAE /* Resources */ = {
			isa = PBXResourcesBuildPhase;
			buildActionMask = 2147483647;
			files = (
				A3789EE6271313960075CCAE /* Preview Assets.xcassets in Resources */,
				A3789EE3271313960075CCAE /* Assets.xcassets in Resources */,
			);
			runOnlyForDeploymentPostprocessing = 0;
		};
		A3789EEF271313970075CCAE /* Resources */ = {
			isa = PBXResourcesBuildPhase;
			buildActionMask = 2147483647;
			files = (
			);
			runOnlyForDeploymentPostprocessing = 0;
		};
		A3789EF9271313970075CCAE /* Resources */ = {
			isa = PBXResourcesBuildPhase;
			buildActionMask = 2147483647;
			files = (
			);
			runOnlyForDeploymentPostprocessing = 0;
		};
/* End PBXResourcesBuildPhase section */

/* Begin PBXSourcesBuildPhase section */
		A3789ED7271313930075CCAE /* Sources */ = {
			isa = PBXSourcesBuildPhase;
			buildActionMask = 2147483647;
			files = (
				A3789EE8271313960075CCAE /* Persistence.swift in Sources */,
				A3789EE1271313930075CCAE /* ContentView.swift in Sources */,
				A3789EEB271313960075CCAE /* Noter.xcdatamodeld in Sources */,
				A3789EDF271313930075CCAE /* NoterApp.swift in Sources */,
			);
			runOnlyForDeploymentPostprocessing = 0;
		};
		A3789EED271313970075CCAE /* Sources */ = {
			isa = PBXSourcesBuildPhase;
			buildActionMask = 2147483647;
			files = (
				A3789EF6271313970075CCAE /* NoterTests.swift in Sources */,
			);
			runOnlyForDeploymentPostprocessing = 0;
		};
		A3789EF7271313970075CCAE /* Sources */ = {
			isa = PBXSourcesBuildPhase;
			buildActionMask = 2147483647;
			files = (
				A3789F00271313970075CCAE /* NoterUITests.swift in Sources */,
				A3789F02271313970075CCAE /* NoterUITestsLaunchTests.swift in Sources */,
			);
			runOnlyForDeploymentPostprocessing = 0;
		};
/* End PBXSourcesBuildPhase section */

/* Begin PBXTargetDependency section */
		A3789EF3271313970075CCAE /* PBXTargetDependency */ = {
			isa = PBXTargetDependency;
			target = A3789EDA271313930075CCAE /* Noter */;
			targetProxy = A3789EF2271313970075CCAE /* PBXContainerItemProxy */;
		};
		A3789EFD271313970075CCAE /* PBXTargetDependency */ = {
			isa = PBXTargetDependency;
			target = A3789EDA271313930075CCAE /* Noter */;
			targetProxy = A3789EFC271313970075CCAE /* PBXContainerItemProxy */;
		};
/* End PBXTargetDependency section */

/* Begin XCBuildConfiguration section */
		A3789F03271313970075CCAE /* Debug */ = {
			isa = XCBuildConfiguration;
			buildSettings = {
				ALWAYS_SEARCH_USER_PATHS = NO;
				CLANG_ANALYZER_NONNULL = YES;
				CLANG_ANALYZER_NUMBER_OBJECT_CONVERSION = YES_AGGRESSIVE;
				CLANG_CXX_LANGUAGE_STANDARD = "gnu++17";
				CLANG_CXX_LIBRARY = "libc++";
				CLANG_ENABLE_MODULES = YES;
				CLANG_ENABLE_OBJC_ARC = YES;
				CLANG_ENABLE_OBJC_WEAK = YES;
				CLANG_WARN_BLOCK_CAPTURE_AUTORELEASING = YES;
				CLANG_WARN_BOOL_CONVERSION = YES;
				CLANG_WARN_COMMA = YES;
				CLANG_WARN_CONSTANT_CONVERSION = YES;
				CLANG_WARN_DEPRECATED_OBJC_IMPLEMENTATIONS = YES;
				CLANG_WARN_DIRECT_OBJC_ISA_USAGE = YES_ERROR;
				CLANG_WARN_DOCUMENTATION_COMMENTS = YES;
				CLANG_WARN_EMPTY_BODY = YES;
				CLANG_WARN_ENUM_CONVERSION = YES;
				CLANG_WARN_INFINITE_RECURSION = YES;
				CLANG_WARN_INT_CONVERSION = YES;
				CLANG_WARN_NON_LITERAL_NULL_CONVERSION = YES;
				CLANG_WARN_OBJC_IMPLICIT_RETAIN_SELF = YES;
				CLANG_WARN_OBJC_LITERAL_CONVERSION = YES;
				CLANG_WARN_OBJC_ROOT_CLASS = YES_ERROR;
				CLANG_WARN_QUOTED_INCLUDE_IN_FRAMEWORK_HEADER = YES;
				CLANG_WARN_RANGE_LOOP_ANALYSIS = YES;
				CLANG_WARN_STRICT_PROTOTYPES = YES;
				CLANG_WARN_SUSPICIOUS_MOVE = YES;
				CLANG_WARN_UNGUARDED_AVAILABILITY = YES_AGGRESSIVE;
				CLANG_WARN_UNREACHABLE_CODE = YES;
				CLANG_WARN__DUPLICATE_METHOD_MATCH = YES;
				COPY_PHASE_STRIP = NO;
				DEBUG_INFORMATION_FORMAT = dwarf;
				ENABLE_STRICT_OBJC_MSGSEND = YES;
				ENABLE_TESTABILITY = YES;
				GCC_C_LANGUAGE_STANDARD = gnu11;
				GCC_DYNAMIC_NO_PIC = NO;
				GCC_NO_COMMON_BLOCKS = YES;
				GCC_OPTIMIZATION_LEVEL = 0;
				GCC_PREPROCESSOR_DEFINITIONS = (
					"DEBUG=1",
					"$(inherited)",
				);
				GCC_WARN_64_TO_32_BIT_CONVERSION = YES;
				GCC_WARN_ABOUT_RETURN_TYPE = YES_ERROR;
				GCC_WARN_UNDECLARED_SELECTOR = YES;
				GCC_WARN_UNINITIALIZED_AUTOS = YES_AGGRESSIVE;
				GCC_WARN_UNUSED_FUNCTION = YES;
				GCC_WARN_UNUSED_VARIABLE = YES;
				MACOSX_DEPLOYMENT_TARGET = 11.3;
				MTL_ENABLE_DEBUG_INFO = INCLUDE_SOURCE;
				MTL_FAST_MATH = YES;
				ONLY_ACTIVE_ARCH = YES;
				SDKROOT = macosx;
				SWIFT_ACTIVE_COMPILATION_CONDITIONS = DEBUG;
				SWIFT_OPTIMIZATION_LEVEL = "-Onone";
			};
			name = Debug;
		};
		A3789F04271313970075CCAE /* Release */ = {
			isa = XCBuildConfiguration;
			buildSettings = {
				ALWAYS_SEARCH_USER_PATHS = NO;
				CLANG_ANALYZER_NONNULL = YES;
				CLANG_ANALYZER_NUMBER_OBJECT_CONVERSION = YES_AGGRESSIVE;
				CLANG_CXX_LANGUAGE_STANDARD = "gnu++17";
				CLANG_CXX_LIBRARY = "libc++";
				CLANG_ENABLE_MODULES = YES;
				CLANG_ENABLE_OBJC_ARC = YES;
				CLANG_ENABLE_OBJC_WEAK = YES;
				CLANG_WARN_BLOCK_CAPTURE_AUTORELEASING = YES;
				CLANG_WARN_BOOL_CONVERSION = YES;
				CLANG_WARN_COMMA = YES;
				CLANG_WARN_CONSTANT_CONVERSION = YES;
				CLANG_WARN_DEPRECATED_OBJC_IMPLEMENTATIONS = YES;
				CLANG_WARN_DIRECT_OBJC_ISA_USAGE = YES_ERROR;
				CLANG_WARN_DOCUMENTATION_COMMENTS = YES;
				CLANG_WARN_EMPTY_BODY = YES;
				CLANG_WARN_ENUM_CONVERSION = YES;
				CLANG_WARN_INFINITE_RECURSION = YES;
				CLANG_WARN_INT_CONVERSION = YES;
				CLANG_WARN_NON_LITERAL_NULL_CONVERSION = YES;
				CLANG_WARN_OBJC_IMPLICIT_RETAIN_SELF = YES;
				CLANG_WARN_OBJC_LITERAL_CONVERSION = YES;
				CLANG_WARN_OBJC_ROOT_CLASS = YES_ERROR;
				CLANG_WARN_QUOTED_INCLUDE_IN_FRAMEWORK_HEADER = YES;
				CLANG_WARN_RANGE_LOOP_ANALYSIS = YES;
				CLANG_WARN_STRICT_PROTOTYPES = YES;
				CLANG_WARN_SUSPICIOUS_MOVE = YES;
				CLANG_WARN_UNGUARDED_AVAILABILITY = YES_AGGRESSIVE;
				CLANG_WARN_UNREACHABLE_CODE = YES;
				CLANG_WARN__DUPLICATE_METHOD_MATCH = YES;
				COPY_PHASE_STRIP = NO;
				DEBUG_INFORMATION_FORMAT = "dwarf-with-dsym";
				ENABLE_NS_ASSERTIONS = NO;
				ENABLE_STRICT_OBJC_MSGSEND = YES;
				GCC_C_LANGUAGE_STANDARD = gnu11;
				GCC_NO_COMMON_BLOCKS = YES;
				GCC_WARN_64_TO_32_BIT_CONVERSION = YES;
				GCC_WARN_ABOUT_RETURN_TYPE = YES_ERROR;
				GCC_WARN_UNDECLARED_SELECTOR = YES;
				GCC_WARN_UNINITIALIZED_AUTOS = YES_AGGRESSIVE;
				GCC_WARN_UNUSED_FUNCTION = YES;
				GCC_WARN_UNUSED_VARIABLE = YES;
				MACOSX_DEPLOYMENT_TARGET = 11.3;
				MTL_ENABLE_DEBUG_INFO = NO;
				MTL_FAST_MATH = YES;
				SDKROOT = macosx;
				SWIFT_COMPILATION_MODE = wholemodule;
				SWIFT_OPTIMIZATION_LEVEL = "-O";
			};
			name = Release;
		};
		A3789F06271313970075CCAE /* Debug */ = {
			isa = XCBuildConfiguration;
			buildSettings = {
				ASSETCATALOG_COMPILER_APPICON_NAME = AppIcon;
				ASSETCATALOG_COMPILER_GLOBAL_ACCENT_COLOR_NAME = AccentColor;
				CODE_SIGN_ENTITLEMENTS = Noter/Noter.entitlements;
				CODE_SIGN_STYLE = Automatic;
				COMBINE_HIDPI_IMAGES = YES;
				CURRENT_PROJECT_VERSION = 1;
				DEVELOPMENT_ASSET_PATHS = "\"Noter/Preview Content\"";
				DEVELOPMENT_TEAM = 96795YVK36;
				ENABLE_HARDENED_RUNTIME = YES;
				ENABLE_PREVIEWS = YES;
				GENERATE_INFOPLIST_FILE = YES;
				INFOPLIST_KEY_NSHumanReadableCopyright = "";
				LD_RUNPATH_SEARCH_PATHS = (
					"$(inherited)",
					"@executable_path/../Frameworks",
				);
				MACOSX_DEPLOYMENT_TARGET = 11.0;
				MARKETING_VERSION = 1.0;
				PRODUCT_BUNDLE_IDENTIFIER = FYP.Noter;
				PRODUCT_NAME = "$(TARGET_NAME)";
				SWIFT_EMIT_LOC_STRINGS = YES;
				SWIFT_VERSION = 5.0;
			};
			name = Debug;
		};
		A3789F07271313970075CCAE /* Release */ = {
			isa = XCBuildConfiguration;
			buildSettings = {
				ASSETCATALOG_COMPILER_APPICON_NAME = AppIcon;
				ASSETCATALOG_COMPILER_GLOBAL_ACCENT_COLOR_NAME = AccentColor;
				CODE_SIGN_ENTITLEMENTS = Noter/Noter.entitlements;
				CODE_SIGN_STYLE = Automatic;
				COMBINE_HIDPI_IMAGES = YES;
				CURRENT_PROJECT_VERSION = 1;
				DEVELOPMENT_ASSET_PATHS = "\"Noter/Preview Content\"";
				DEVELOPMENT_TEAM = 96795YVK36;
				ENABLE_HARDENED_RUNTIME = YES;
				ENABLE_PREVIEWS = YES;
				GENERATE_INFOPLIST_FILE = YES;
				INFOPLIST_KEY_NSHumanReadableCopyright = "";
				LD_RUNPATH_SEARCH_PATHS = (
					"$(inherited)",
					"@executable_path/../Frameworks",
				);
				MACOSX_DEPLOYMENT_TARGET = 11.0;
				MARKETING_VERSION = 1.0;
				PRODUCT_BUNDLE_IDENTIFIER = FYP.Noter;
				PRODUCT_NAME = "$(TARGET_NAME)";
				SWIFT_EMIT_LOC_STRINGS = YES;
				SWIFT_VERSION = 5.0;
			};
			name = Release;
		};
		A3789F09271313970075CCAE /* Debug */ = {
			isa = XCBuildConfiguration;
			buildSettings = {
				ALWAYS_EMBED_SWIFT_STANDARD_LIBRARIES = YES;
				BUNDLE_LOADER = "$(TEST_HOST)";
				CODE_SIGN_STYLE = Automatic;
				COMBINE_HIDPI_IMAGES = YES;
				CURRENT_PROJECT_VERSION = 1;
				DEVELOPMENT_TEAM = 96795YVK36;
				GENERATE_INFOPLIST_FILE = YES;
				LD_RUNPATH_SEARCH_PATHS = (
					"$(inherited)",
					"@executable_path/../Frameworks",
					"@loader_path/../Frameworks",
				);
				MACOSX_DEPLOYMENT_TARGET = 11.0;
				MARKETING_VERSION = 1.0;
				PRODUCT_BUNDLE_IDENTIFIER = FYP.NoterTests;
				PRODUCT_NAME = "$(TARGET_NAME)";
				SWIFT_EMIT_LOC_STRINGS = NO;
				SWIFT_VERSION = 5.0;
				TEST_HOST = "$(BUILT_PRODUCTS_DIR)/Noter.app/Contents/MacOS/Noter";
			};
			name = Debug;
		};
		A3789F0A271313970075CCAE /* Release */ = {
			isa = XCBuildConfiguration;
			buildSettings = {
				ALWAYS_EMBED_SWIFT_STANDARD_LIBRARIES = YES;
				BUNDLE_LOADER = "$(TEST_HOST)";
				CODE_SIGN_STYLE = Automatic;
				COMBINE_HIDPI_IMAGES = YES;
				CURRENT_PROJECT_VERSION = 1;
				DEVELOPMENT_TEAM = 96795YVK36;
				GENERATE_INFOPLIST_FILE = YES;
				LD_RUNPATH_SEARCH_PATHS = (
					"$(inherited)",
					"@executable_path/../Frameworks",
					"@loader_path/../Frameworks",
				);
				MACOSX_DEPLOYMENT_TARGET = 11.0;
				MARKETING_VERSION = 1.0;
				PRODUCT_BUNDLE_IDENTIFIER = FYP.NoterTests;
				PRODUCT_NAME = "$(TARGET_NAME)";
				SWIFT_EMIT_LOC_STRINGS = NO;
				SWIFT_VERSION = 5.0;
				TEST_HOST = "$(BUILT_PRODUCTS_DIR)/Noter.app/Contents/MacOS/Noter";
			};
			name = Release;
		};
		A3789F0C271313970075CCAE /* Debug */ = {
			isa = XCBuildConfiguration;
			buildSettings = {
				ALWAYS_EMBED_SWIFT_STANDARD_LIBRARIES = YES;
				CODE_SIGN_STYLE = Automatic;
				COMBINE_HIDPI_IMAGES = YES;
				CURRENT_PROJECT_VERSION = 1;
				DEVELOPMENT_TEAM = 96795YVK36;
				GENERATE_INFOPLIST_FILE = YES;
				LD_RUNPATH_SEARCH_PATHS = (
					"$(inherited)",
					"@executable_path/../Frameworks",
					"@loader_path/../Frameworks",
				);
				MARKETING_VERSION = 1.0;
				PRODUCT_BUNDLE_IDENTIFIER = FYP.NoterUITests;
				PRODUCT_NAME = "$(TARGET_NAME)";
				SWIFT_EMIT_LOC_STRINGS = NO;
				SWIFT_VERSION = 5.0;
				TEST_TARGET_NAME = Noter;
			};
			name = Debug;
		};
		A3789F0D271313970075CCAE /* Release */ = {
			isa = XCBuildConfiguration;
			buildSettings = {
				ALWAYS_EMBED_SWIFT_STANDARD_LIBRARIES = YES;
				CODE_SIGN_STYLE = Automatic;
				COMBINE_HIDPI_IMAGES = YES;
				CURRENT_PROJECT_VERSION = 1;
				DEVELOPMENT_TEAM = 96795YVK36;
				GENERATE_INFOPLIST_FILE = YES;
				LD_RUNPATH_SEARCH_PATHS = (
					"$(inherited)",
					"@executable_path/../Frameworks",
					"@loader_path/../Frameworks",
				);
				MARKETING_VERSION = 1.0;
				PRODUCT_BUNDLE_IDENTIFIER = FYP.NoterUITests;
				PRODUCT_NAME = "$(TARGET_NAME)";
				SWIFT_EMIT_LOC_STRINGS = NO;
				SWIFT_VERSION = 5.0;
				TEST_TARGET_NAME = Noter;
			};
			name = Release;
		};
/* End XCBuildConfiguration section */

/* Begin XCConfigurationList section */
		A3789ED6271313930075CCAE /* Build configuration list for PBXProject "Noter" */ = {
			isa = XCConfigurationList;
			buildConfigurations = (
				A3789F03271313970075CCAE /* Debug */,
				A3789F04271313970075CCAE /* Release */,
			);
			defaultConfigurationIsVisible = 0;
			defaultConfigurationName = Release;
		};
		A3789F05271313970075CCAE /* Build configuration list for PBXNativeTarget "Noter" */ = {
			isa = XCConfigurationList;
			buildConfigurations = (
				A3789F06271313970075CCAE /* Debug */,
				A3789F07271313970075CCAE /* Release */,
			);
			defaultConfigurationIsVisible = 0;
			defaultConfigurationName = Release;
		};
		A3789F08271313970075CCAE /* Build configuration list for PBXNativeTarget "NoterTests" */ = {
			isa = XCConfigurationList;
			buildConfigurations = (
				A3789F09271313970075CCAE /* Debug */,
				A3789F0A271313970075CCAE /* Release */,
			);
			defaultConfigurationIsVisible = 0;
			defaultConfigurationName = Release;
		};
		A3789F0B271313970075CCAE /* Build configuration list for PBXNativeTarget "NoterUITests" */ = {
			isa = XCConfigurationList;
			buildConfigurations = (
				A3789F0C271313970075CCAE /* Debug */,
				A3789F0D271313970075CCAE /* Release */,
			);
			defaultConfigurationIsVisible = 0;
			defaultConfigurationName = Release;
		};
/* End XCConfigurationList section */

/* Begin XCVersionGroup section */
		A3789EE9271313960075CCAE /* Noter.xcdatamodeld */ = {
			isa = XCVersionGroup;
			children = (
				A3789EEA271313960075CCAE /* Noter.xcdatamodel */,
			);
			currentVersion = A3789EEA271313960075CCAE /* Noter.xcdatamodel */;
			path = Noter.xcdatamodeld;
			sourceTree = "<group>";
			versionGroupType = wrapper.xcdatamodel;
		};
/* End XCVersionGroup section */
	};
	rootObject = A3789ED3271313930075CCAE /* Project object */;
}
